
Microsoft Visual Studio Solution File, Format Version 12.00
# Visual Studio Version 17
VisualStudioVersion = 17.4.33103.184
MinimumVisualStudioVersion = 10.0.40219.1
Project("{9A19103F-16F7-4668-BE54-9A1E7A4F7556}") = "BookShopSystem.Web", "BookShopSystem.Web\BookShopSystem.Web.csproj", "{DE0C775A-2481-4B47-AE09-92BBF3790A8D}"
EndProject
Project("{9A19103F-16F7-4668-BE54-9A1E7A4F7556}") = "BookShopSystem.Common", "BookShopSystem.Common\BookShopSystem.Common.csproj", "{7E6AC205-5EBE-4270-B305-3CC3057C30CF}"
EndProject
Project("{9A19103F-16F7-4668-BE54-9A1E7A4F7556}") = "BookShopSystem.Data", "BookShopSystem.Data\BookShopSystem.Data.csproj", "{4A13C526-5F6C-4C79-A34E-5E6A16D52DB3}"
EndProject
Project("{9A19103F-16F7-4668-BE54-9A1E7A4F7556}") = "BookShopSystem.Data.Models", "BookShopSystem.Data.Models\BookShopSystem.Data.Models.csproj", "{FB778D69-5A4D-4704-8A3D-2271CB9884E2}"
EndProject
Project("{9A19103F-16F7-4668-BE54-9A1E7A4F7556}") = "BookShopSystem.Web.ViewModels", "BookShopSystem.Web.ViewModels\BookShopSystem.Web.ViewModels.csproj", "{BE934EC0-8A30-47A8-AC46-2E600F9AAE81}"
EndProject
Project("{9A19103F-16F7-4668-BE54-9A1E7A4F7556}") = "BookShopSystem.Services.Data", "BookShopSystem.Services.Data\BookShopSystem.Services.Data.csproj", "{652ADB36-A864-45EC-97D5-0AAC1CA4C863}"
EndProject
Project("{9A19103F-16F7-4668-BE54-9A1E7A4F7556}") = "BookShopSystem.Web.Infrastructure", "BookShopSystem.Web.Infrastructure\BookShopSystem.Web.Infrastructure.csproj", "{10158FB8-D405-412E-B57F-5E6B87370337}"
EndProject
Project("{9A19103F-16F7-4668-BE54-9A1E7A4F7556}") = "BookShopSystem.Services.Data.Models", "BookShopSystem.Services.Data.Models\BookShopSystem.Services.Data.Models.csproj", "{A39FE4DF-A55F-46AD-843A-99848F315F45}"
EndProject
Project("{FAE04EC0-301F-11D3-BF4B-00C04F79EFBC}") = "BookShopSystem.WebApi", "BookShopSystem.WebApi\BookShopSystem.WebApi.csproj", "{7A8B38CC-F6F0-4F7B-B93C-307B37A72C77}"
EndProject
Global
	GlobalSection(SolutionConfigurationPlatforms) = preSolution
		Debug|Any CPU = Debug|Any CPU
		Release|Any CPU = Release|Any CPU
	EndGlobalSection
	GlobalSection(ProjectConfigurationPlatforms) = postSolution
		{DE0C775A-2481-4B47-AE09-92BBF3790A8D}.Debug|Any CPU.ActiveCfg = Debug|Any CPU
		{DE0C775A-2481-4B47-AE09-92BBF3790A8D}.Debug|Any CPU.Build.0 = Debug|Any CPU
		{DE0C775A-2481-4B47-AE09-92BBF3790A8D}.Release|Any CPU.ActiveCfg = Release|Any CPU
		{DE0C775A-2481-4B47-AE09-92BBF3790A8D}.Release|Any CPU.Build.0 = Release|Any CPU
		{7E6AC205-5EBE-4270-B305-3CC3057C30CF}.Debug|Any CPU.ActiveCfg = Debug|Any CPU
		{7E6AC205-5EBE-4270-B305-3CC3057C30CF}.Debug|Any CPU.Build.0 = Debug|Any CPU
		{7E6AC205-5EBE-4270-B305-3CC3057C30CF}.Release|Any CPU.ActiveCfg = Release|Any CPU
		{7E6AC205-5EBE-4270-B305-3CC3057C30CF}.Release|Any CPU.Build.0 = Release|Any CPU
		{4A13C526-5F6C-4C79-A34E-5E6A16D52DB3}.Debug|Any CPU.ActiveCfg = Debug|Any CPU
		{4A13C526-5F6C-4C79-A34E-5E6A16D52DB3}.Debug|Any CPU.Build.0 = Debug|Any CPU
		{4A13C526-5F6C-4C79-A34E-5E6A16D52DB3}.Release|Any CPU.ActiveCfg = Release|Any CPU
		{4A13C526-5F6C-4C79-A34E-5E6A16D52DB3}.Release|Any CPU.Build.0 = Release|Any CPU
		{FB778D69-5A4D-4704-8A3D-2271CB9884E2}.Debug|Any CPU.ActiveCfg = Debug|Any CPU
		{FB778D69-5A4D-4704-8A3D-2271CB9884E2}.Debug|Any CPU.Build.0 = Debug|Any CPU
		{FB778D69-5A4D-4704-8A3D-2271CB9884E2}.Release|Any CPU.ActiveCfg = Release|Any CPU
		{FB778D69-5A4D-4704-8A3D-2271CB9884E2}.Release|Any CPU.Build.0 = Release|Any CPU
		{BE934EC0-8A30-47A8-AC46-2E600F9AAE81}.Debug|Any CPU.ActiveCfg = Debug|Any CPU
		{BE934EC0-8A30-47A8-AC46-2E600F9AAE81}.Debug|Any CPU.Build.0 = Debug|Any CPU
		{BE934EC0-8A30-47A8-AC46-2E600F9AAE81}.Release|Any CPU.ActiveCfg = Release|Any CPU
		{BE934EC0-8A30-47A8-AC46-2E600F9AAE81}.Release|Any CPU.Build.0 = Release|Any CPU
		{652ADB36-A864-45EC-97D5-0AAC1CA4C863}.Debug|Any CPU.ActiveCfg = Debug|Any CPU
		{652ADB36-A864-45EC-97D5-0AAC1CA4C863}.Debug|Any CPU.Build.0 = Debug|Any CPU
		{652ADB36-A864-45EC-97D5-0AAC1CA4C863}.Release|Any CPU.ActiveCfg = Release|Any CPU
		{652ADB36-A864-45EC-97D5-0AAC1CA4C863}.Release|Any CPU.Build.0 = Release|Any CPU
		{10158FB8-D405-412E-B57F-5E6B87370337}.Debug|Any CPU.ActiveCfg = Debug|Any CPU
		{10158FB8-D405-412E-B57F-5E6B87370337}.Debug|Any CPU.Build.0 = Debug|Any CPU
		{10158FB8-D405-412E-B57F-5E6B87370337}.Release|Any CPU.ActiveCfg = Release|Any CPU
		{10158FB8-D405-412E-B57F-5E6B87370337}.Release|Any CPU.Build.0 = Release|Any CPU
		{A39FE4DF-A55F-46AD-843A-99848F315F45}.Debug|Any CPU.ActiveCfg = Debug|Any CPU
		{A39FE4DF-A55F-46AD-843A-99848F315F45}.Debug|Any CPU.Build.0 = Debug|Any CPU
		{A39FE4DF-A55F-46AD-843A-99848F315F45}.Release|Any CPU.ActiveCfg = Release|Any CPU
		{A39FE4DF-A55F-46AD-843A-99848F315F45}.Release|Any CPU.Build.0 = Release|Any CPU
		{7A8B38CC-F6F0-4F7B-B93C-307B37A72C77}.Debug|Any CPU.ActiveCfg = Debug|Any CPU
		{7A8B38CC-F6F0-4F7B-B93C-307B37A72C77}.Debug|Any CPU.Build.0 = Debug|Any CPU
		{7A8B38CC-F6F0-4F7B-B93C-307B37A72C77}.Release|Any CPU.ActiveCfg = Release|Any CPU
		{7A8B38CC-F6F0-4F7B-B93C-307B37A72C77}.Release|Any CPU.Build.0 = Release|Any CPU
	EndGlobalSection
	GlobalSection(SolutionProperties) = preSolution
		HideSolutionNode = FALSE
	EndGlobalSection
	GlobalSection(ExtensibilityGlobals) = postSolution
		SolutionGuid = {564D2C27-E7AF-44CD-9209-45419F8C60CE}
	EndGlobalSection
EndGlobal
